// !$*UTF8*$!
{
	archiveVersion = 1;
	classes = {
	};
	objectVersion = 50;
	objects = {

/* Begin PBXBuildFile section */
		EE018CC722F0B35B00C45ACA /* PlayerDetailCell.swift in Sources */ = {isa = PBXBuildFile; fileRef = EE018CC622F0B35B00C45ACA /* PlayerDetailCell.swift */; };
		EE16B9CE22E6BA7E00EFE52B /* Assist+CoreDataClass.swift in Sources */ = {isa = PBXBuildFile; fileRef = EE16B9C022E6BA7E00EFE52B /* Assist+CoreDataClass.swift */; };
		EE16B9CF22E6BA7E00EFE52B /* Assist+CoreDataProperties.swift in Sources */ = {isa = PBXBuildFile; fileRef = EE16B9C122E6BA7E00EFE52B /* Assist+CoreDataProperties.swift */; };
		EE16B9D022E6BA7E00EFE52B /* PlayingTime+CoreDataClass.swift in Sources */ = {isa = PBXBuildFile; fileRef = EE16B9C222E6BA7E00EFE52B /* PlayingTime+CoreDataClass.swift */; };
		EE16B9D122E6BA7E00EFE52B /* PlayingTime+CoreDataProperties.swift in Sources */ = {isa = PBXBuildFile; fileRef = EE16B9C322E6BA7E00EFE52B /* PlayingTime+CoreDataProperties.swift */; };
		EE16B9D222E6BA7E00EFE52B /* Foul+CoreDataClass.swift in Sources */ = {isa = PBXBuildFile; fileRef = EE16B9C422E6BA7E00EFE52B /* Foul+CoreDataClass.swift */; };
		EE16B9D322E6BA7E00EFE52B /* Foul+CoreDataProperties.swift in Sources */ = {isa = PBXBuildFile; fileRef = EE16B9C522E6BA7E00EFE52B /* Foul+CoreDataProperties.swift */; };
		EE16B9D422E6BA7E00EFE52B /* Match+CoreDataClass.swift in Sources */ = {isa = PBXBuildFile; fileRef = EE16B9C622E6BA7E00EFE52B /* Match+CoreDataClass.swift */; };
		EE16B9D522E6BA7E00EFE52B /* Match+CoreDataProperties.swift in Sources */ = {isa = PBXBuildFile; fileRef = EE16B9C722E6BA7E00EFE52B /* Match+CoreDataProperties.swift */; };
		EE16B9D622E6BA7E00EFE52B /* Shot+CoreDataClass.swift in Sources */ = {isa = PBXBuildFile; fileRef = EE16B9C822E6BA7E00EFE52B /* Shot+CoreDataClass.swift */; };
		EE16B9D722E6BA7E00EFE52B /* Shot+CoreDataProperties.swift in Sources */ = {isa = PBXBuildFile; fileRef = EE16B9C922E6BA7E00EFE52B /* Shot+CoreDataProperties.swift */; };
		EE16B9D822E6BA7E00EFE52B /* Score+CoreDataClass.swift in Sources */ = {isa = PBXBuildFile; fileRef = EE16B9CA22E6BA7E00EFE52B /* Score+CoreDataClass.swift */; };
		EE16B9D922E6BA7E00EFE52B /* Score+CoreDataProperties.swift in Sources */ = {isa = PBXBuildFile; fileRef = EE16B9CB22E6BA7E00EFE52B /* Score+CoreDataProperties.swift */; };
		EE16B9DA22E6BA7E00EFE52B /* Card+CoreDataClass.swift in Sources */ = {isa = PBXBuildFile; fileRef = EE16B9CC22E6BA7E00EFE52B /* Card+CoreDataClass.swift */; };
		EE16B9DB22E6BA7E00EFE52B /* Card+CoreDataProperties.swift in Sources */ = {isa = PBXBuildFile; fileRef = EE16B9CD22E6BA7E00EFE52B /* Card+CoreDataProperties.swift */; };
		EE20114D22D698B4007A1DAC /* Drawing.storyboard in Resources */ = {isa = PBXBuildFile; fileRef = EE20114C22D698B4007A1DAC /* Drawing.storyboard */; };
		EE20114F22D698BA007A1DAC /* DrawingViewController.swift in Sources */ = {isa = PBXBuildFile; fileRef = EE20114E22D698BA007A1DAC /* DrawingViewController.swift */; };
		EE27685022B7E708008E4CA1 /* AppDelegate.swift in Sources */ = {isa = PBXBuildFile; fileRef = EE27684F22B7E708008E4CA1 /* AppDelegate.swift */; };
		EE27685222B7E708008E4CA1 /* SceneDelegate.swift in Sources */ = {isa = PBXBuildFile; fileRef = EE27685122B7E708008E4CA1 /* SceneDelegate.swift */; };
		EE27685422B7E708008E4CA1 /* SoccerTeamCollection.swift in Sources */ = {isa = PBXBuildFile; fileRef = EE27685322B7E708008E4CA1 /* SoccerTeamCollection.swift */; };
		EE27685622B7E708008E4CA1 /* CurrentTeams.swift in Sources */ = {isa = PBXBuildFile; fileRef = EE27685522B7E708008E4CA1 /* CurrentTeams.swift */; };
		EE27685922B7E708008E4CA1 /* Main.storyboard in Resources */ = {isa = PBXBuildFile; fileRef = EE27685722B7E708008E4CA1 /* Main.storyboard */; };
		EE27685C22B7E708008E4CA1 /* soccer_coach.xcdatamodeld in Sources */ = {isa = PBXBuildFile; fileRef = EE27685A22B7E708008E4CA1 /* soccer_coach.xcdatamodeld */; };
		EE27685E22B7E70B008E4CA1 /* Assets.xcassets in Resources */ = {isa = PBXBuildFile; fileRef = EE27685D22B7E70B008E4CA1 /* Assets.xcassets */; };
		EE27686122B7E70B008E4CA1 /* LaunchScreen.storyboard in Resources */ = {isa = PBXBuildFile; fileRef = EE27685F22B7E70B008E4CA1 /* LaunchScreen.storyboard */; };
		EE27687022B7FC4B008E4CA1 /* TextRecognitionEngine.swift in Sources */ = {isa = PBXBuildFile; fileRef = EE27686F22B7FC4B008E4CA1 /* TextRecognitionEngine.swift */; };
		EE28E76522EA143B003EB983 /* Keys.swift in Sources */ = {isa = PBXBuildFile; fileRef = EE28E76422EA143B003EB983 /* Keys.swift */; };
		EE37299E22CAC2EE003FBBFE /* RoundedButton.swift in Sources */ = {isa = PBXBuildFile; fileRef = EE37299D22CAC2EE003FBBFE /* RoundedButton.swift */; };
		EE3729A122CBA5C3003FBBFE /* NewMatchCreation.swift in Sources */ = {isa = PBXBuildFile; fileRef = EE3729A022CBA5C3003FBBFE /* NewMatchCreation.swift */; };
		EE3729A322CBA5CE003FBBFE /* NewMatchCreation.storyboard in Resources */ = {isa = PBXBuildFile; fileRef = EE3729A222CBA5CE003FBBFE /* NewMatchCreation.storyboard */; };
		EE3729A622CBB6C2003FBBFE /* TeamList.swift in Sources */ = {isa = PBXBuildFile; fileRef = EE3729A522CBB6C2003FBBFE /* TeamList.swift */; };
		EE3729A822CBB6CD003FBBFE /* TeamList.storyboard in Resources */ = {isa = PBXBuildFile; fileRef = EE3729A722CBB6CD003FBBFE /* TeamList.storyboard */; };
		EE3729AC22CBBB43003FBBFE /* SegueHandling.swift in Sources */ = {isa = PBXBuildFile; fileRef = EE3729AB22CBBB43003FBBFE /* SegueHandling.swift */; };
		EE3729AF22CBBDF5003FBBFE /* NewTeamCreation.swift in Sources */ = {isa = PBXBuildFile; fileRef = EE3729AE22CBBDF5003FBBFE /* NewTeamCreation.swift */; };
		EE3729B122CBBE0B003FBBFE /* NewTeamCreation.storyboard in Resources */ = {isa = PBXBuildFile; fileRef = EE3729B022CBBE0B003FBBFE /* NewTeamCreation.storyboard */; };
		EE3729B322CBEBA5003FBBFE /* NewPlayerCreation.swift in Sources */ = {isa = PBXBuildFile; fileRef = EE3729B222CBEBA5003FBBFE /* NewPlayerCreation.swift */; };
		EE3729B522CBEBBE003FBBFE /* NewPlayerCreation.storyboard in Resources */ = {isa = PBXBuildFile; fileRef = EE3729B422CBEBBE003FBBFE /* NewPlayerCreation.storyboard */; };
		EE3729B722CBFEEA003FBBFE /* MatchHistoryList.swift in Sources */ = {isa = PBXBuildFile; fileRef = EE3729B622CBFEEA003FBBFE /* MatchHistoryList.swift */; };
		EE3729B922CBFEF3003FBBFE /* MatchHistoryList.storyboard in Resources */ = {isa = PBXBuildFile; fileRef = EE3729B822CBFEF3003FBBFE /* MatchHistoryList.storyboard */; };
		EE3D61E522E7B54D0092CBB6 /* TeamController.swift in Sources */ = {isa = PBXBuildFile; fileRef = EE3D61E422E7B54D0092CBB6 /* TeamController.swift */; };
		EE3D61E722E7B5540092CBB6 /* MatchController.swift in Sources */ = {isa = PBXBuildFile; fileRef = EE3D61E622E7B5540092CBB6 /* MatchController.swift */; };
		EE3D61ED22E7B5640092CBB6 /* AppState.swift in Sources */ = {isa = PBXBuildFile; fileRef = EE3D61E922E7B5640092CBB6 /* AppState.swift */; };
		EE3D61EE22E7B5640092CBB6 /* Reactor.swift in Sources */ = {isa = PBXBuildFile; fileRef = EE3D61EA22E7B5640092CBB6 /* Reactor.swift */; };
		EE3D61EF22E7B5640092CBB6 /* GenericEvents.swift in Sources */ = {isa = PBXBuildFile; fileRef = EE3D61EB22E7B5640092CBB6 /* GenericEvents.swift */; };
		EE55D15922EB7CA1004C6EE7 /* Position.swift in Sources */ = {isa = PBXBuildFile; fileRef = EE55D15822EB7CA1004C6EE7 /* Position.swift */; };
		EE55D15B22EB829D004C6EE7 /* PlayingTimeController.swift in Sources */ = {isa = PBXBuildFile; fileRef = EE55D15A22EB829D004C6EE7 /* PlayingTimeController.swift */; };
		EE59118B22C2D46F0049B71E /* Int+Extensions.swift in Sources */ = {isa = PBXBuildFile; fileRef = EE59118A22C2D46F0049B71E /* Int+Extensions.swift */; };
		EE6D436922E4FC3A005B759D /* Date+Helpers.swift in Sources */ = {isa = PBXBuildFile; fileRef = EE6D436822E4FC3A005B759D /* Date+Helpers.swift */; };
		EE6D438322E6238E005B759D /* SoccerPlayerController.swift in Sources */ = {isa = PBXBuildFile; fileRef = EE6D438222E6238E005B759D /* SoccerPlayerController.swift */; };
		EE6D438822E62CE2005B759D /* Team+CoreDataProperties.swift in Sources */ = {isa = PBXBuildFile; fileRef = EE6D438422E62CE1005B759D /* Team+CoreDataProperties.swift */; };
		EE6D438922E62CE2005B759D /* SoccerPlayer+CoreDataClass.swift in Sources */ = {isa = PBXBuildFile; fileRef = EE6D438522E62CE1005B759D /* SoccerPlayer+CoreDataClass.swift */; };
		EE6D438A22E62CE2005B759D /* Team+CoreDataClass.swift in Sources */ = {isa = PBXBuildFile; fileRef = EE6D438622E62CE1005B759D /* Team+CoreDataClass.swift */; };
		EE6D438B22E62CE2005B759D /* SoccerPlayer+CoreDataProperties.swift in Sources */ = {isa = PBXBuildFile; fileRef = EE6D438722E62CE2005B759D /* SoccerPlayer+CoreDataProperties.swift */; };
		EE6D438D22E62E15005B759D /* PlayersList.swift in Sources */ = {isa = PBXBuildFile; fileRef = EE6D438C22E62E15005B759D /* PlayersList.swift */; };
		EE6D438F22E62E20005B759D /* PlayersList.storyboard in Resources */ = {isa = PBXBuildFile; fileRef = EE6D438E22E62E20005B759D /* PlayersList.storyboard */; };
		EE7E643D22F0A3AC00E006D7 /* MatchStats.swift in Sources */ = {isa = PBXBuildFile; fileRef = EE7E643C22F0A3AC00E006D7 /* MatchStats.swift */; };
		EE7E9B0022C9A56B001773AA /* MatchViewController.swift in Sources */ = {isa = PBXBuildFile; fileRef = EE7E9AFF22C9A56B001773AA /* MatchViewController.swift */; };
		EE7E9B0222C9A57E001773AA /* MatchViewController.storyboard in Resources */ = {isa = PBXBuildFile; fileRef = EE7E9B0122C9A57E001773AA /* MatchViewController.storyboard */; };
		EEE0D30722EF769E001433D9 /* MatchDetails.storyboard in Resources */ = {isa = PBXBuildFile; fileRef = EEE0D30622EF769E001433D9 /* MatchDetails.storyboard */; };
		EEE0D30922EF8A48001433D9 /* MatchDetail.swift in Sources */ = {isa = PBXBuildFile; fileRef = EEE0D30822EF8A48001433D9 /* MatchDetail.swift */; };
		EEE0D30C22EF95A3001433D9 /* PlayerCollectionViewCell.swift in Sources */ = {isa = PBXBuildFile; fileRef = EEE0D30A22EF95A3001433D9 /* PlayerCollectionViewCell.swift */; };
		EEE0D30D22EF95A3001433D9 /* PlayerCollectionViewCell.xib in Resources */ = {isa = PBXBuildFile; fileRef = EEE0D30B22EF95A3001433D9 /* PlayerCollectionViewCell.xib */; };
		EEF7609822B82EF6004D92CF /* ActivePlayerCell.swift in Sources */ = {isa = PBXBuildFile; fileRef = EEF7609622B82EF6004D92CF /* ActivePlayerCell.swift */; };
		EEF7609922B82EF6004D92CF /* ActivePlayerCell.xib in Resources */ = {isa = PBXBuildFile; fileRef = EEF7609722B82EF6004D92CF /* ActivePlayerCell.xib */; };
		EEF7609B22B830FE004D92CF /* ReusableView.swift in Sources */ = {isa = PBXBuildFile; fileRef = EEF7609A22B830FE004D92CF /* ReusableView.swift */; };
		EEF7609D22B83126004D92CF /* ListView+Extensions.swift in Sources */ = {isa = PBXBuildFile; fileRef = EEF7609C22B83126004D92CF /* ListView+Extensions.swift */; };
/* End PBXBuildFile section */

/* Begin PBXFileReference section */
		EE018CC622F0B35B00C45ACA /* PlayerDetailCell.swift */ = {isa = PBXFileReference; lastKnownFileType = sourcecode.swift; path = PlayerDetailCell.swift; sourceTree = "<group>"; };
		EE16B9C022E6BA7E00EFE52B /* Assist+CoreDataClass.swift */ = {isa = PBXFileReference; lastKnownFileType = sourcecode.swift; path = "Assist+CoreDataClass.swift"; sourceTree = "<group>"; };
		EE16B9C122E6BA7E00EFE52B /* Assist+CoreDataProperties.swift */ = {isa = PBXFileReference; lastKnownFileType = sourcecode.swift; path = "Assist+CoreDataProperties.swift"; sourceTree = "<group>"; };
		EE16B9C222E6BA7E00EFE52B /* PlayingTime+CoreDataClass.swift */ = {isa = PBXFileReference; lastKnownFileType = sourcecode.swift; path = "PlayingTime+CoreDataClass.swift"; sourceTree = "<group>"; };
		EE16B9C322E6BA7E00EFE52B /* PlayingTime+CoreDataProperties.swift */ = {isa = PBXFileReference; lastKnownFileType = sourcecode.swift; path = "PlayingTime+CoreDataProperties.swift"; sourceTree = "<group>"; };
		EE16B9C422E6BA7E00EFE52B /* Foul+CoreDataClass.swift */ = {isa = PBXFileReference; lastKnownFileType = sourcecode.swift; path = "Foul+CoreDataClass.swift"; sourceTree = "<group>"; };
		EE16B9C522E6BA7E00EFE52B /* Foul+CoreDataProperties.swift */ = {isa = PBXFileReference; lastKnownFileType = sourcecode.swift; path = "Foul+CoreDataProperties.swift"; sourceTree = "<group>"; };
		EE16B9C622E6BA7E00EFE52B /* Match+CoreDataClass.swift */ = {isa = PBXFileReference; lastKnownFileType = sourcecode.swift; path = "Match+CoreDataClass.swift"; sourceTree = "<group>"; };
		EE16B9C722E6BA7E00EFE52B /* Match+CoreDataProperties.swift */ = {isa = PBXFileReference; lastKnownFileType = sourcecode.swift; path = "Match+CoreDataProperties.swift"; sourceTree = "<group>"; };
		EE16B9C822E6BA7E00EFE52B /* Shot+CoreDataClass.swift */ = {isa = PBXFileReference; lastKnownFileType = sourcecode.swift; path = "Shot+CoreDataClass.swift"; sourceTree = "<group>"; };
		EE16B9C922E6BA7E00EFE52B /* Shot+CoreDataProperties.swift */ = {isa = PBXFileReference; lastKnownFileType = sourcecode.swift; path = "Shot+CoreDataProperties.swift"; sourceTree = "<group>"; };
		EE16B9CA22E6BA7E00EFE52B /* Score+CoreDataClass.swift */ = {isa = PBXFileReference; lastKnownFileType = sourcecode.swift; path = "Score+CoreDataClass.swift"; sourceTree = "<group>"; };
		EE16B9CB22E6BA7E00EFE52B /* Score+CoreDataProperties.swift */ = {isa = PBXFileReference; lastKnownFileType = sourcecode.swift; path = "Score+CoreDataProperties.swift"; sourceTree = "<group>"; };
		EE16B9CC22E6BA7E00EFE52B /* Card+CoreDataClass.swift */ = {isa = PBXFileReference; lastKnownFileType = sourcecode.swift; path = "Card+CoreDataClass.swift"; sourceTree = "<group>"; };
		EE16B9CD22E6BA7E00EFE52B /* Card+CoreDataProperties.swift */ = {isa = PBXFileReference; lastKnownFileType = sourcecode.swift; path = "Card+CoreDataProperties.swift"; sourceTree = "<group>"; };
		EE20114C22D698B4007A1DAC /* Drawing.storyboard */ = {isa = PBXFileReference; fileEncoding = 4; lastKnownFileType = file.storyboard; path = Drawing.storyboard; sourceTree = "<group>"; };
		EE20114E22D698BA007A1DAC /* DrawingViewController.swift */ = {isa = PBXFileReference; fileEncoding = 4; lastKnownFileType = sourcecode.swift; path = DrawingViewController.swift; sourceTree = "<group>"; };
		EE27684C22B7E708008E4CA1 /* soccer-coach.app */ = {isa = PBXFileReference; explicitFileType = wrapper.application; includeInIndex = 0; path = "soccer-coach.app"; sourceTree = BUILT_PRODUCTS_DIR; };
		EE27684F22B7E708008E4CA1 /* AppDelegate.swift */ = {isa = PBXFileReference; lastKnownFileType = sourcecode.swift; path = AppDelegate.swift; sourceTree = "<group>"; };
		EE27685122B7E708008E4CA1 /* SceneDelegate.swift */ = {isa = PBXFileReference; lastKnownFileType = sourcecode.swift; path = SceneDelegate.swift; sourceTree = "<group>"; };
		EE27685322B7E708008E4CA1 /* SoccerTeamCollection.swift */ = {isa = PBXFileReference; lastKnownFileType = sourcecode.swift; path = SoccerTeamCollection.swift; sourceTree = "<group>"; };
		EE27685522B7E708008E4CA1 /* CurrentTeams.swift */ = {isa = PBXFileReference; lastKnownFileType = sourcecode.swift; path = CurrentTeams.swift; sourceTree = "<group>"; };
		EE27685822B7E708008E4CA1 /* Base */ = {isa = PBXFileReference; lastKnownFileType = file.storyboard; name = Base; path = Base.lproj/Main.storyboard; sourceTree = "<group>"; };
		EE27685B22B7E708008E4CA1 /* soccer_coach.xcdatamodel */ = {isa = PBXFileReference; lastKnownFileType = wrapper.xcdatamodel; path = soccer_coach.xcdatamodel; sourceTree = "<group>"; };
		EE27685D22B7E70B008E4CA1 /* Assets.xcassets */ = {isa = PBXFileReference; lastKnownFileType = folder.assetcatalog; path = Assets.xcassets; sourceTree = "<group>"; };
		EE27686022B7E70B008E4CA1 /* Base */ = {isa = PBXFileReference; lastKnownFileType = file.storyboard; name = Base; path = Base.lproj/LaunchScreen.storyboard; sourceTree = "<group>"; };
		EE27686222B7E70B008E4CA1 /* Info.plist */ = {isa = PBXFileReference; lastKnownFileType = text.plist.xml; path = Info.plist; sourceTree = "<group>"; };
		EE27686F22B7FC4B008E4CA1 /* TextRecognitionEngine.swift */ = {isa = PBXFileReference; lastKnownFileType = sourcecode.swift; path = TextRecognitionEngine.swift; sourceTree = "<group>"; };
		EE28E76422EA143B003EB983 /* Keys.swift */ = {isa = PBXFileReference; lastKnownFileType = sourcecode.swift; name = Keys.swift; path = "../../../../../../../System/Volumes/Data/Users/derikflanary/Documents/code/soccer-coach/soccer-coach/Resources/Keys.swift"; sourceTree = "<group>"; };
		EE37299D22CAC2EE003FBBFE /* RoundedButton.swift */ = {isa = PBXFileReference; lastKnownFileType = sourcecode.swift; path = RoundedButton.swift; sourceTree = "<group>"; };
		EE3729A022CBA5C3003FBBFE /* NewMatchCreation.swift */ = {isa = PBXFileReference; lastKnownFileType = sourcecode.swift; path = NewMatchCreation.swift; sourceTree = "<group>"; };
		EE3729A222CBA5CE003FBBFE /* NewMatchCreation.storyboard */ = {isa = PBXFileReference; lastKnownFileType = file.storyboard; path = NewMatchCreation.storyboard; sourceTree = "<group>"; };
		EE3729A522CBB6C2003FBBFE /* TeamList.swift */ = {isa = PBXFileReference; lastKnownFileType = sourcecode.swift; path = TeamList.swift; sourceTree = "<group>"; };
		EE3729A722CBB6CD003FBBFE /* TeamList.storyboard */ = {isa = PBXFileReference; lastKnownFileType = file.storyboard; path = TeamList.storyboard; sourceTree = "<group>"; };
		EE3729AB22CBBB43003FBBFE /* SegueHandling.swift */ = {isa = PBXFileReference; lastKnownFileType = sourcecode.swift; path = SegueHandling.swift; sourceTree = "<group>"; };
		EE3729AE22CBBDF5003FBBFE /* NewTeamCreation.swift */ = {isa = PBXFileReference; lastKnownFileType = sourcecode.swift; path = NewTeamCreation.swift; sourceTree = "<group>"; };
		EE3729B022CBBE0B003FBBFE /* NewTeamCreation.storyboard */ = {isa = PBXFileReference; lastKnownFileType = file.storyboard; path = NewTeamCreation.storyboard; sourceTree = "<group>"; };
		EE3729B222CBEBA5003FBBFE /* NewPlayerCreation.swift */ = {isa = PBXFileReference; lastKnownFileType = sourcecode.swift; path = NewPlayerCreation.swift; sourceTree = "<group>"; };
		EE3729B422CBEBBE003FBBFE /* NewPlayerCreation.storyboard */ = {isa = PBXFileReference; lastKnownFileType = file.storyboard; path = NewPlayerCreation.storyboard; sourceTree = "<group>"; };
		EE3729B622CBFEEA003FBBFE /* MatchHistoryList.swift */ = {isa = PBXFileReference; lastKnownFileType = sourcecode.swift; path = MatchHistoryList.swift; sourceTree = "<group>"; };
		EE3729B822CBFEF3003FBBFE /* MatchHistoryList.storyboard */ = {isa = PBXFileReference; lastKnownFileType = file.storyboard; path = MatchHistoryList.storyboard; sourceTree = "<group>"; };
		EE3D61E422E7B54D0092CBB6 /* TeamController.swift */ = {isa = PBXFileReference; fileEncoding = 4; lastKnownFileType = sourcecode.swift; path = TeamController.swift; sourceTree = "<group>"; };
		EE3D61E622E7B5540092CBB6 /* MatchController.swift */ = {isa = PBXFileReference; fileEncoding = 4; lastKnownFileType = sourcecode.swift; path = MatchController.swift; sourceTree = "<group>"; };
		EE3D61E922E7B5640092CBB6 /* AppState.swift */ = {isa = PBXFileReference; fileEncoding = 4; lastKnownFileType = sourcecode.swift; path = AppState.swift; sourceTree = "<group>"; };
		EE3D61EA22E7B5640092CBB6 /* Reactor.swift */ = {isa = PBXFileReference; fileEncoding = 4; lastKnownFileType = sourcecode.swift; path = Reactor.swift; sourceTree = "<group>"; };
		EE3D61EB22E7B5640092CBB6 /* GenericEvents.swift */ = {isa = PBXFileReference; fileEncoding = 4; lastKnownFileType = sourcecode.swift; path = GenericEvents.swift; sourceTree = "<group>"; };
		EE55D15822EB7CA1004C6EE7 /* Position.swift */ = {isa = PBXFileReference; lastKnownFileType = sourcecode.swift; name = Position.swift; path = "../../../../../../../System/Volumes/Data/Users/derikflanary/Documents/code/soccer-coach/soccer-coach/Resources/Position.swift"; sourceTree = "<group>"; };
		EE55D15A22EB829D004C6EE7 /* PlayingTimeController.swift */ = {isa = PBXFileReference; lastKnownFileType = sourcecode.swift; name = PlayingTimeController.swift; path = "../../../../../../../System/Volumes/Data/Users/derikflanary/Documents/code/soccer-coach/soccer-coach/Controllers/PlayingTimeController.swift"; sourceTree = "<group>"; };
		EE59118A22C2D46F0049B71E /* Int+Extensions.swift */ = {isa = PBXFileReference; lastKnownFileType = sourcecode.swift; path = "Int+Extensions.swift"; sourceTree = "<group>"; };
		EE6D436822E4FC3A005B759D /* Date+Helpers.swift */ = {isa = PBXFileReference; lastKnownFileType = sourcecode.swift; path = "Date+Helpers.swift"; sourceTree = "<group>"; };
		EE6D438222E6238E005B759D /* SoccerPlayerController.swift */ = {isa = PBXFileReference; lastKnownFileType = sourcecode.swift; path = SoccerPlayerController.swift; sourceTree = "<group>"; };
		EE6D438422E62CE1005B759D /* Team+CoreDataProperties.swift */ = {isa = PBXFileReference; fileEncoding = 4; lastKnownFileType = sourcecode.swift; path = "Team+CoreDataProperties.swift"; sourceTree = "<group>"; };
		EE6D438522E62CE1005B759D /* SoccerPlayer+CoreDataClass.swift */ = {isa = PBXFileReference; fileEncoding = 4; lastKnownFileType = sourcecode.swift; path = "SoccerPlayer+CoreDataClass.swift"; sourceTree = "<group>"; };
		EE6D438622E62CE1005B759D /* Team+CoreDataClass.swift */ = {isa = PBXFileReference; fileEncoding = 4; lastKnownFileType = sourcecode.swift; path = "Team+CoreDataClass.swift"; sourceTree = "<group>"; };
		EE6D438722E62CE2005B759D /* SoccerPlayer+CoreDataProperties.swift */ = {isa = PBXFileReference; fileEncoding = 4; lastKnownFileType = sourcecode.swift; path = "SoccerPlayer+CoreDataProperties.swift"; sourceTree = "<group>"; };
		EE6D438C22E62E15005B759D /* PlayersList.swift */ = {isa = PBXFileReference; lastKnownFileType = sourcecode.swift; path = PlayersList.swift; sourceTree = "<group>"; };
		EE6D438E22E62E20005B759D /* PlayersList.storyboard */ = {isa = PBXFileReference; lastKnownFileType = file.storyboard; path = PlayersList.storyboard; sourceTree = "<group>"; };
		EE7E643C22F0A3AC00E006D7 /* MatchStats.swift */ = {isa = PBXFileReference; lastKnownFileType = sourcecode.swift; name = MatchStats.swift; path = "../../../../../../../System/Volumes/Data/Users/derikflanary/Documents/code/soccer-coach/soccer-coach/Data/MatchStats.swift"; sourceTree = "<group>"; };
		EE7E9AFF22C9A56B001773AA /* MatchViewController.swift */ = {isa = PBXFileReference; lastKnownFileType = sourcecode.swift; path = MatchViewController.swift; sourceTree = "<group>"; };
		EE7E9B0122C9A57E001773AA /* MatchViewController.storyboard */ = {isa = PBXFileReference; lastKnownFileType = file.storyboard; path = MatchViewController.storyboard; sourceTree = "<group>"; };
		EEE0D30622EF769E001433D9 /* MatchDetails.storyboard */ = {isa = PBXFileReference; lastKnownFileType = file.storyboard; name = MatchDetails.storyboard; path = "../../../../../../../../System/Volumes/Data/Users/derikflanary/Documents/code/soccer-coach/soccer-coach/UI/Match and Teams/MatchDetails.storyboard"; sourceTree = "<group>"; };
		EEE0D30822EF8A48001433D9 /* MatchDetail.swift */ = {isa = PBXFileReference; lastKnownFileType = sourcecode.swift; name = MatchDetail.swift; path = "../../../../../../../../System/Volumes/Data/Users/derikflanary/Documents/code/soccer-coach/soccer-coach/UI/Match and Teams/MatchDetail.swift"; sourceTree = "<group>"; };
		EEE0D30A22EF95A3001433D9 /* PlayerCollectionViewCell.swift */ = {isa = PBXFileReference; lastKnownFileType = sourcecode.swift; name = PlayerCollectionViewCell.swift; path = "../../../../../../../../System/Volumes/Data/Users/derikflanary/Documents/code/soccer-coach/soccer-coach/UI/Match and Teams/PlayerCollectionViewCell.swift"; sourceTree = "<group>"; };
		EEE0D30B22EF95A3001433D9 /* PlayerCollectionViewCell.xib */ = {isa = PBXFileReference; lastKnownFileType = file.xib; name = PlayerCollectionViewCell.xib; path = "../../../../../../../../System/Volumes/Data/Users/derikflanary/Documents/code/soccer-coach/soccer-coach/UI/Match and Teams/PlayerCollectionViewCell.xib"; sourceTree = "<group>"; };
		EEF7609622B82EF6004D92CF /* ActivePlayerCell.swift */ = {isa = PBXFileReference; lastKnownFileType = sourcecode.swift; path = ActivePlayerCell.swift; sourceTree = "<group>"; };
		EEF7609722B82EF6004D92CF /* ActivePlayerCell.xib */ = {isa = PBXFileReference; lastKnownFileType = file.xib; path = ActivePlayerCell.xib; sourceTree = "<group>"; };
		EEF7609A22B830FE004D92CF /* ReusableView.swift */ = {isa = PBXFileReference; lastKnownFileType = sourcecode.swift; path = ReusableView.swift; sourceTree = "<group>"; };
		EEF7609C22B83126004D92CF /* ListView+Extensions.swift */ = {isa = PBXFileReference; lastKnownFileType = sourcecode.swift; path = "ListView+Extensions.swift"; sourceTree = "<group>"; };
/* End PBXFileReference section */

/* Begin PBXFrameworksBuildPhase section */
		EE27684922B7E708008E4CA1 /* Frameworks */ = {
			isa = PBXFrameworksBuildPhase;
			buildActionMask = 2147483647;
			files = (
			);
			runOnlyForDeploymentPostprocessing = 0;
		};
/* End PBXFrameworksBuildPhase section */

/* Begin PBXGroup section */
		EE27684322B7E708008E4CA1 = {
			isa = PBXGroup;
			children = (
				EE27684E22B7E708008E4CA1 /* soccer-coach */,
				EE27684D22B7E708008E4CA1 /* Products */,
			);
			sourceTree = "<group>";
		};
		EE27684D22B7E708008E4CA1 /* Products */ = {
			isa = PBXGroup;
			children = (
				EE27684C22B7E708008E4CA1 /* soccer-coach.app */,
			);
			name = Products;
			sourceTree = "<group>";
		};
		EE27684E22B7E708008E4CA1 /* soccer-coach */ = {
			isa = PBXGroup;
			children = (
				EE27684F22B7E708008E4CA1 /* AppDelegate.swift */,
				EE27685122B7E708008E4CA1 /* SceneDelegate.swift */,
				EE27686222B7E70B008E4CA1 /* Info.plist */,
				EE3D61F022E7B56A0092CBB6 /* State */,
				EE27686822B7EE1E008E4CA1 /* UI */,
				EE6D438122E62376005B759D /* Controllers */,
				EE27686D22B7EE70008E4CA1 /* Data */,
				EE27686922B7EE33008E4CA1 /* Resources */,
			);
			path = "soccer-coach";
			sourceTree = "<group>";
		};
		EE27686822B7EE1E008E4CA1 /* UI */ = {
			isa = PBXGroup;
			children = (
				EE27685722B7E708008E4CA1 /* Main.storyboard */,
				EE37299F22CBA597003FBBFE /* Common */,
				EE3729A922CBB6DD003FBBFE /* Soccer Team Collection */,
				EE3729AA22CBB6F0003FBBFE /* Match and Teams */,
				EE6D436A22E510AD005B759D /* Drawings */,
			);
			path = UI;
			sourceTree = "<group>";
		};
		EE27686922B7EE33008E4CA1 /* Resources */ = {
			isa = PBXGroup;
			children = (
				EE27685D22B7E70B008E4CA1 /* Assets.xcassets */,
				EE27685F22B7E70B008E4CA1 /* LaunchScreen.storyboard */,
				EE27686A22B7EE3C008E4CA1 /* CoreData */,
				EE3729AD22CBBB4A003FBBFE /* Helpers */,
				EE28E76422EA143B003EB983 /* Keys.swift */,
				EE55D15822EB7CA1004C6EE7 /* Position.swift */,
			);
			path = Resources;
			sourceTree = "<group>";
		};
		EE27686A22B7EE3C008E4CA1 /* CoreData */ = {
			isa = PBXGroup;
			children = (
				EE27685A22B7E708008E4CA1 /* soccer_coach.xcdatamodeld */,
			);
			path = CoreData;
			sourceTree = "<group>";
		};
		EE27686D22B7EE70008E4CA1 /* Data */ = {
			isa = PBXGroup;
			children = (
				EE6D438522E62CE1005B759D /* SoccerPlayer+CoreDataClass.swift */,
				EE6D438722E62CE2005B759D /* SoccerPlayer+CoreDataProperties.swift */,
				EE6D438622E62CE1005B759D /* Team+CoreDataClass.swift */,
				EE6D438422E62CE1005B759D /* Team+CoreDataProperties.swift */,
				EE16B9C022E6BA7E00EFE52B /* Assist+CoreDataClass.swift */,
				EE16B9C122E6BA7E00EFE52B /* Assist+CoreDataProperties.swift */,
				EE16B9C222E6BA7E00EFE52B /* PlayingTime+CoreDataClass.swift */,
				EE16B9C322E6BA7E00EFE52B /* PlayingTime+CoreDataProperties.swift */,
				EE16B9C422E6BA7E00EFE52B /* Foul+CoreDataClass.swift */,
				EE16B9C522E6BA7E00EFE52B /* Foul+CoreDataProperties.swift */,
				EE16B9C622E6BA7E00EFE52B /* Match+CoreDataClass.swift */,
				EE16B9C722E6BA7E00EFE52B /* Match+CoreDataProperties.swift */,
				EE16B9C822E6BA7E00EFE52B /* Shot+CoreDataClass.swift */,
				EE16B9C922E6BA7E00EFE52B /* Shot+CoreDataProperties.swift */,
				EE16B9CA22E6BA7E00EFE52B /* Score+CoreDataClass.swift */,
				EE16B9CB22E6BA7E00EFE52B /* Score+CoreDataProperties.swift */,
				EE16B9CC22E6BA7E00EFE52B /* Card+CoreDataClass.swift */,
				EE16B9CD22E6BA7E00EFE52B /* Card+CoreDataProperties.swift */,
				EE27686F22B7FC4B008E4CA1 /* TextRecognitionEngine.swift */,
				EE7E643C22F0A3AC00E006D7 /* MatchStats.swift */,
			);
			path = Data;
			sourceTree = "<group>";
		};
		EE37299F22CBA597003FBBFE /* Common */ = {
			isa = PBXGroup;
			children = (
				EE37299D22CAC2EE003FBBFE /* RoundedButton.swift */,
			);
			path = Common;
			sourceTree = "<group>";
		};
		EE3729A922CBB6DD003FBBFE /* Soccer Team Collection */ = {
			isa = PBXGroup;
			children = (
				EE27685322B7E708008E4CA1 /* SoccerTeamCollection.swift */,
				EEF7609622B82EF6004D92CF /* ActivePlayerCell.swift */,
				EEF7609722B82EF6004D92CF /* ActivePlayerCell.xib */,
			);
			path = "Soccer Team Collection";
			sourceTree = "<group>";
		};
		EE3729AA22CBB6F0003FBBFE /* Match and Teams */ = {
			isa = PBXGroup;
			children = (
				EE27685522B7E708008E4CA1 /* CurrentTeams.swift */,
				EE7E9AFF22C9A56B001773AA /* MatchViewController.swift */,
				EE7E9B0122C9A57E001773AA /* MatchViewController.storyboard */,
				EE3729A022CBA5C3003FBBFE /* NewMatchCreation.swift */,
				EE3729A222CBA5CE003FBBFE /* NewMatchCreation.storyboard */,
				EE3729A522CBB6C2003FBBFE /* TeamList.swift */,
				EE3729A722CBB6CD003FBBFE /* TeamList.storyboard */,
				EE6D438C22E62E15005B759D /* PlayersList.swift */,
				EE6D438E22E62E20005B759D /* PlayersList.storyboard */,
				EE3729AE22CBBDF5003FBBFE /* NewTeamCreation.swift */,
				EE3729B022CBBE0B003FBBFE /* NewTeamCreation.storyboard */,
				EE3729B222CBEBA5003FBBFE /* NewPlayerCreation.swift */,
				EE3729B422CBEBBE003FBBFE /* NewPlayerCreation.storyboard */,
				EE3729B622CBFEEA003FBBFE /* MatchHistoryList.swift */,
				EE3729B822CBFEF3003FBBFE /* MatchHistoryList.storyboard */,
				EEE0D30822EF8A48001433D9 /* MatchDetail.swift */,
				EEE0D30622EF769E001433D9 /* MatchDetails.storyboard */,
				EE018CC622F0B35B00C45ACA /* PlayerDetailCell.swift */,
				EEE0D30A22EF95A3001433D9 /* PlayerCollectionViewCell.swift */,
				EEE0D30B22EF95A3001433D9 /* PlayerCollectionViewCell.xib */,
			);
			path = "Match and Teams";
			sourceTree = "<group>";
		};
		EE3729AD22CBBB4A003FBBFE /* Helpers */ = {
			isa = PBXGroup;
			children = (
				EEF7609A22B830FE004D92CF /* ReusableView.swift */,
				EEF7609C22B83126004D92CF /* ListView+Extensions.swift */,
				EE59118A22C2D46F0049B71E /* Int+Extensions.swift */,
				EE3729AB22CBBB43003FBBFE /* SegueHandling.swift */,
				EE6D436822E4FC3A005B759D /* Date+Helpers.swift */,
			);
			path = Helpers;
			sourceTree = "<group>";
		};
		EE3D61F022E7B56A0092CBB6 /* State */ = {
			isa = PBXGroup;
			children = (
				EE3D61E922E7B5640092CBB6 /* AppState.swift */,
				EE3D61EB22E7B5640092CBB6 /* GenericEvents.swift */,
				EE3D61EA22E7B5640092CBB6 /* Reactor.swift */,
			);
			path = State;
			sourceTree = "<group>";
		};
		EE6D436A22E510AD005B759D /* Drawings */ = {
			isa = PBXGroup;
			children = (
				EE20114C22D698B4007A1DAC /* Drawing.storyboard */,
				EE20114E22D698BA007A1DAC /* DrawingViewController.swift */,
			);
			path = Drawings;
			sourceTree = "<group>";
		};
		EE6D438122E62376005B759D /* Controllers */ = {
			isa = PBXGroup;
			children = (
				EE6D438222E6238E005B759D /* SoccerPlayerController.swift */,
				EE3D61E422E7B54D0092CBB6 /* TeamController.swift */,
				EE3D61E622E7B5540092CBB6 /* MatchController.swift */,
				EE55D15A22EB829D004C6EE7 /* PlayingTimeController.swift */,
			);
			path = Controllers;
			sourceTree = "<group>";
		};
/* End PBXGroup section */

/* Begin PBXNativeTarget section */
		EE27684B22B7E708008E4CA1 /* soccer-coach */ = {
			isa = PBXNativeTarget;
			buildConfigurationList = EE27686522B7E70B008E4CA1 /* Build configuration list for PBXNativeTarget "soccer-coach" */;
			buildPhases = (
				EE27684822B7E708008E4CA1 /* Sources */,
				EE27684922B7E708008E4CA1 /* Frameworks */,
				EE27684A22B7E708008E4CA1 /* Resources */,
			);
			buildRules = (
			);
			dependencies = (
			);
			name = "soccer-coach";
			productName = "soccer-coach";
			productReference = EE27684C22B7E708008E4CA1 /* soccer-coach.app */;
			productType = "com.apple.product-type.application";
		};
/* End PBXNativeTarget section */

/* Begin PBXProject section */
		EE27684422B7E708008E4CA1 /* Project object */ = {
			isa = PBXProject;
			attributes = {
				LastSwiftUpdateCheck = 1100;
				LastUpgradeCheck = 1100;
				ORGANIZATIONNAME = "Derik Flanary";
				TargetAttributes = {
					EE27684B22B7E708008E4CA1 = {
						CreatedOnToolsVersion = 11.0;
					};
				};
			};
			buildConfigurationList = EE27684722B7E708008E4CA1 /* Build configuration list for PBXProject "soccer-coach" */;
			compatibilityVersion = "Xcode 9.3";
			developmentRegion = en;
			hasScannedForEncodings = 0;
			knownRegions = (
				en,
				Base,
			);
			mainGroup = EE27684322B7E708008E4CA1;
			productRefGroup = EE27684D22B7E708008E4CA1 /* Products */;
			projectDirPath = "";
			projectRoot = "";
			targets = (
				EE27684B22B7E708008E4CA1 /* soccer-coach */,
			);
		};
/* End PBXProject section */

/* Begin PBXResourcesBuildPhase section */
		EE27684A22B7E708008E4CA1 /* Resources */ = {
			isa = PBXResourcesBuildPhase;
			buildActionMask = 2147483647;
			files = (
				EE3729A822CBB6CD003FBBFE /* TeamList.storyboard in Resources */,
				EE3729B922CBFEF3003FBBFE /* MatchHistoryList.storyboard in Resources */,
				EE3729A322CBA5CE003FBBFE /* NewMatchCreation.storyboard in Resources */,
				EE3729B522CBEBBE003FBBFE /* NewPlayerCreation.storyboard in Resources */,
				EE6D438F22E62E20005B759D /* PlayersList.storyboard in Resources */,
				EE7E9B0222C9A57E001773AA /* MatchViewController.storyboard in Resources */,
				EE27686122B7E70B008E4CA1 /* LaunchScreen.storyboard in Resources */,
				EE20114D22D698B4007A1DAC /* Drawing.storyboard in Resources */,
				EE27685E22B7E70B008E4CA1 /* Assets.xcassets in Resources */,
				EEF7609922B82EF6004D92CF /* ActivePlayerCell.xib in Resources */,
				EE27685922B7E708008E4CA1 /* Main.storyboard in Resources */,
				EE3729B122CBBE0B003FBBFE /* NewTeamCreation.storyboard in Resources */,
				EEE0D30722EF769E001433D9 /* MatchDetails.storyboard in Resources */,
				EEE0D30D22EF95A3001433D9 /* PlayerCollectionViewCell.xib in Resources */,
			);
			runOnlyForDeploymentPostprocessing = 0;
		};
/* End PBXResourcesBuildPhase section */

/* Begin PBXSourcesBuildPhase section */
		EE27684822B7E708008E4CA1 /* Sources */ = {
			isa = PBXSourcesBuildPhase;
			buildActionMask = 2147483647;
			files = (
				EE6D438322E6238E005B759D /* SoccerPlayerController.swift in Sources */,
				EEF7609D22B83126004D92CF /* ListView+Extensions.swift in Sources */,
				EE7E9B0022C9A56B001773AA /* MatchViewController.swift in Sources */,
				EE16B9D622E6BA7E00EFE52B /* Shot+CoreDataClass.swift in Sources */,
				EE3D61EE22E7B5640092CBB6 /* Reactor.swift in Sources */,
				EE6D438D22E62E15005B759D /* PlayersList.swift in Sources */,
				EE3729A122CBA5C3003FBBFE /* NewMatchCreation.swift in Sources */,
				EE16B9D222E6BA7E00EFE52B /* Foul+CoreDataClass.swift in Sources */,
				EE16B9D922E6BA7E00EFE52B /* Score+CoreDataProperties.swift in Sources */,
				EEE0D30C22EF95A3001433D9 /* PlayerCollectionViewCell.swift in Sources */,
				EEF7609B22B830FE004D92CF /* ReusableView.swift in Sources */,
				EE3729AC22CBBB43003FBBFE /* SegueHandling.swift in Sources */,
				EE27685622B7E708008E4CA1 /* CurrentTeams.swift in Sources */,
				EE27685C22B7E708008E4CA1 /* soccer_coach.xcdatamodeld in Sources */,
				EE55D15B22EB829D004C6EE7 /* PlayingTimeController.swift in Sources */,
				EE6D438922E62CE2005B759D /* SoccerPlayer+CoreDataClass.swift in Sources */,
				EEF7609822B82EF6004D92CF /* ActivePlayerCell.swift in Sources */,
				EE27685422B7E708008E4CA1 /* SoccerTeamCollection.swift in Sources */,
				EE27685022B7E708008E4CA1 /* AppDelegate.swift in Sources */,
				EE20114F22D698BA007A1DAC /* DrawingViewController.swift in Sources */,
				EE16B9D822E6BA7E00EFE52B /* Score+CoreDataClass.swift in Sources */,
				EE16B9D422E6BA7E00EFE52B /* Match+CoreDataClass.swift in Sources */,
				EE3D61E722E7B5540092CBB6 /* MatchController.swift in Sources */,
				EE59118B22C2D46F0049B71E /* Int+Extensions.swift in Sources */,
				EE16B9D022E6BA7E00EFE52B /* PlayingTime+CoreDataClass.swift in Sources */,
				EE55D15922EB7CA1004C6EE7 /* Position.swift in Sources */,
				EE16B9D722E6BA7E00EFE52B /* Shot+CoreDataProperties.swift in Sources */,
				EE6D436922E4FC3A005B759D /* Date+Helpers.swift in Sources */,
				EE16B9DA22E6BA7E00EFE52B /* Card+CoreDataClass.swift in Sources */,
				EE16B9D122E6BA7E00EFE52B /* PlayingTime+CoreDataProperties.swift in Sources */,
				EE28E76522EA143B003EB983 /* Keys.swift in Sources */,
				EE27687022B7FC4B008E4CA1 /* TextRecognitionEngine.swift in Sources */,
				EE3D61EF22E7B5640092CBB6 /* GenericEvents.swift in Sources */,
				EE16B9CF22E6BA7E00EFE52B /* Assist+CoreDataProperties.swift in Sources */,
				EE3729A622CBB6C2003FBBFE /* TeamList.swift in Sources */,
				EE37299E22CAC2EE003FBBFE /* RoundedButton.swift in Sources */,
				EEE0D30922EF8A48001433D9 /* MatchDetail.swift in Sources */,
				EE3729B722CBFEEA003FBBFE /* MatchHistoryList.swift in Sources */,
				EE3729B322CBEBA5003FBBFE /* NewPlayerCreation.swift in Sources */,
				EE6D438822E62CE2005B759D /* Team+CoreDataProperties.swift in Sources */,
				EE27685222B7E708008E4CA1 /* SceneDelegate.swift in Sources */,
				EE3D61E522E7B54D0092CBB6 /* TeamController.swift in Sources */,
				EE16B9D322E6BA7E00EFE52B /* Foul+CoreDataProperties.swift in Sources */,
				EE6D438B22E62CE2005B759D /* SoccerPlayer+CoreDataProperties.swift in Sources */,
				EE16B9CE22E6BA7E00EFE52B /* Assist+CoreDataClass.swift in Sources */,
				EE018CC722F0B35B00C45ACA /* PlayerDetailCell.swift in Sources */,
				EE3D61ED22E7B5640092CBB6 /* AppState.swift in Sources */,
				EE16B9D522E6BA7E00EFE52B /* Match+CoreDataProperties.swift in Sources */,
				EE7E643D22F0A3AC00E006D7 /* MatchStats.swift in Sources */,
				EE16B9DB22E6BA7E00EFE52B /* Card+CoreDataProperties.swift in Sources */,
				EE6D438A22E62CE2005B759D /* Team+CoreDataClass.swift in Sources */,
				EE3729AF22CBBDF5003FBBFE /* NewTeamCreation.swift in Sources */,
			);
			runOnlyForDeploymentPostprocessing = 0;
		};
/* End PBXSourcesBuildPhase section */

/* Begin PBXVariantGroup section */
		EE27685722B7E708008E4CA1 /* Main.storyboard */ = {
			isa = PBXVariantGroup;
			children = (
				EE27685822B7E708008E4CA1 /* Base */,
			);
			name = Main.storyboard;
			sourceTree = "<group>";
		};
		EE27685F22B7E70B008E4CA1 /* LaunchScreen.storyboard */ = {
			isa = PBXVariantGroup;
			children = (
				EE27686022B7E70B008E4CA1 /* Base */,
			);
			name = LaunchScreen.storyboard;
			sourceTree = "<group>";
		};
/* End PBXVariantGroup section */

/* Begin XCBuildConfiguration section */
		EE27686322B7E70B008E4CA1 /* Debug */ = {
			isa = XCBuildConfiguration;
			buildSettings = {
				ALWAYS_SEARCH_USER_PATHS = NO;
				CLANG_ANALYZER_NONNULL = YES;
				CLANG_ANALYZER_NUMBER_OBJECT_CONVERSION = YES_AGGRESSIVE;
				CLANG_CXX_LANGUAGE_STANDARD = "gnu++14";
				CLANG_CXX_LIBRARY = "libc++";
				CLANG_ENABLE_MODULES = YES;
				CLANG_ENABLE_OBJC_ARC = YES;
				CLANG_ENABLE_OBJC_WEAK = YES;
				CLANG_WARN_BLOCK_CAPTURE_AUTORELEASING = YES;
				CLANG_WARN_BOOL_CONVERSION = YES;
				CLANG_WARN_COMMA = YES;
				CLANG_WARN_CONSTANT_CONVERSION = YES;
				CLANG_WARN_DEPRECATED_OBJC_IMPLEMENTATIONS = YES;
				CLANG_WARN_DIRECT_OBJC_ISA_USAGE = YES_ERROR;
				CLANG_WARN_DOCUMENTATION_COMMENTS = YES;
				CLANG_WARN_EMPTY_BODY = YES;
				CLANG_WARN_ENUM_CONVERSION = YES;
				CLANG_WARN_INFINITE_RECURSION = YES;
				CLANG_WARN_INT_CONVERSION = YES;
				CLANG_WARN_NON_LITERAL_NULL_CONVERSION = YES;
				CLANG_WARN_OBJC_IMPLICIT_RETAIN_SELF = YES;
				CLANG_WARN_OBJC_LITERAL_CONVERSION = YES;
				CLANG_WARN_OBJC_ROOT_CLASS = YES_ERROR;
				CLANG_WARN_RANGE_LOOP_ANALYSIS = YES;
				CLANG_WARN_STRICT_PROTOTYPES = YES;
				CLANG_WARN_SUSPICIOUS_MOVE = YES;
				CLANG_WARN_UNGUARDED_AVAILABILITY = YES_AGGRESSIVE;
				CLANG_WARN_UNREACHABLE_CODE = YES;
				CLANG_WARN__DUPLICATE_METHOD_MATCH = YES;
				COPY_PHASE_STRIP = NO;
				DEBUG_INFORMATION_FORMAT = dwarf;
				ENABLE_STRICT_OBJC_MSGSEND = YES;
				ENABLE_TESTABILITY = YES;
				GCC_C_LANGUAGE_STANDARD = gnu11;
				GCC_DYNAMIC_NO_PIC = NO;
				GCC_NO_COMMON_BLOCKS = YES;
				GCC_OPTIMIZATION_LEVEL = 0;
				GCC_PREPROCESSOR_DEFINITIONS = (
					"DEBUG=1",
					"$(inherited)",
				);
				GCC_WARN_64_TO_32_BIT_CONVERSION = YES;
				GCC_WARN_ABOUT_RETURN_TYPE = YES_ERROR;
				GCC_WARN_UNDECLARED_SELECTOR = YES;
				GCC_WARN_UNINITIALIZED_AUTOS = YES_AGGRESSIVE;
				GCC_WARN_UNUSED_FUNCTION = YES;
				GCC_WARN_UNUSED_VARIABLE = YES;
				IPHONEOS_DEPLOYMENT_TARGET = 13.0;
				MTL_ENABLE_DEBUG_INFO = INCLUDE_SOURCE;
				MTL_FAST_MATH = YES;
				ONLY_ACTIVE_ARCH = YES;
				SDKROOT = iphoneos;
				SWIFT_ACTIVE_COMPILATION_CONDITIONS = DEBUG;
				SWIFT_OPTIMIZATION_LEVEL = "-Onone";
			};
			name = Debug;
		};
		EE27686422B7E70B008E4CA1 /* Release */ = {
			isa = XCBuildConfiguration;
			buildSettings = {
				ALWAYS_SEARCH_USER_PATHS = NO;
				CLANG_ANALYZER_NONNULL = YES;
				CLANG_ANALYZER_NUMBER_OBJECT_CONVERSION = YES_AGGRESSIVE;
				CLANG_CXX_LANGUAGE_STANDARD = "gnu++14";
				CLANG_CXX_LIBRARY = "libc++";
				CLANG_ENABLE_MODULES = YES;
				CLANG_ENABLE_OBJC_ARC = YES;
				CLANG_ENABLE_OBJC_WEAK = YES;
				CLANG_WARN_BLOCK_CAPTURE_AUTORELEASING = YES;
				CLANG_WARN_BOOL_CONVERSION = YES;
				CLANG_WARN_COMMA = YES;
				CLANG_WARN_CONSTANT_CONVERSION = YES;
				CLANG_WARN_DEPRECATED_OBJC_IMPLEMENTATIONS = YES;
				CLANG_WARN_DIRECT_OBJC_ISA_USAGE = YES_ERROR;
				CLANG_WARN_DOCUMENTATION_COMMENTS = YES;
				CLANG_WARN_EMPTY_BODY = YES;
				CLANG_WARN_ENUM_CONVERSION = YES;
				CLANG_WARN_INFINITE_RECURSION = YES;
				CLANG_WARN_INT_CONVERSION = YES;
				CLANG_WARN_NON_LITERAL_NULL_CONVERSION = YES;
				CLANG_WARN_OBJC_IMPLICIT_RETAIN_SELF = YES;
				CLANG_WARN_OBJC_LITERAL_CONVERSION = YES;
				CLANG_WARN_OBJC_ROOT_CLASS = YES_ERROR;
				CLANG_WARN_RANGE_LOOP_ANALYSIS = YES;
				CLANG_WARN_STRICT_PROTOTYPES = YES;
				CLANG_WARN_SUSPICIOUS_MOVE = YES;
				CLANG_WARN_UNGUARDED_AVAILABILITY = YES_AGGRESSIVE;
				CLANG_WARN_UNREACHABLE_CODE = YES;
				CLANG_WARN__DUPLICATE_METHOD_MATCH = YES;
				COPY_PHASE_STRIP = NO;
				DEBUG_INFORMATION_FORMAT = "dwarf-with-dsym";
				ENABLE_NS_ASSERTIONS = NO;
				ENABLE_STRICT_OBJC_MSGSEND = YES;
				GCC_C_LANGUAGE_STANDARD = gnu11;
				GCC_NO_COMMON_BLOCKS = YES;
				GCC_WARN_64_TO_32_BIT_CONVERSION = YES;
				GCC_WARN_ABOUT_RETURN_TYPE = YES_ERROR;
				GCC_WARN_UNDECLARED_SELECTOR = YES;
				GCC_WARN_UNINITIALIZED_AUTOS = YES_AGGRESSIVE;
				GCC_WARN_UNUSED_FUNCTION = YES;
				GCC_WARN_UNUSED_VARIABLE = YES;
				IPHONEOS_DEPLOYMENT_TARGET = 13.0;
				MTL_ENABLE_DEBUG_INFO = NO;
				MTL_FAST_MATH = YES;
				SDKROOT = iphoneos;
				SWIFT_COMPILATION_MODE = wholemodule;
				SWIFT_OPTIMIZATION_LEVEL = "-O";
				VALIDATE_PRODUCT = YES;
			};
			name = Release;
		};
		EE27686622B7E70B008E4CA1 /* Debug */ = {
			isa = XCBuildConfiguration;
			buildSettings = {
				ASSETCATALOG_COMPILER_APPICON_NAME = AppIcon;
				CODE_SIGN_STYLE = Automatic;
				DEVELOPMENT_TEAM = 92H4P6C5WB;
				INFOPLIST_FILE = "soccer-coach/Info.plist";
				LD_RUNPATH_SEARCH_PATHS = (
					"$(inherited)",
					"@executable_path/Frameworks",
				);
				PRODUCT_BUNDLE_IDENTIFIER = "com.derikflanary.soccer-coach";
				PRODUCT_NAME = "$(TARGET_NAME)";
				SWIFT_VERSION = 5.0;
				TARGETED_DEVICE_FAMILY = 2;
			};
			name = Debug;
		};
		EE27686722B7E70B008E4CA1 /* Release */ = {
			isa = XCBuildConfiguration;
			buildSettings = {
				ASSETCATALOG_COMPILER_APPICON_NAME = AppIcon;
				CODE_SIGN_STYLE = Automatic;
				DEVELOPMENT_TEAM = 92H4P6C5WB;
				INFOPLIST_FILE = "soccer-coach/Info.plist";
				LD_RUNPATH_SEARCH_PATHS = (
					"$(inherited)",
					"@executable_path/Frameworks",
				);
				PRODUCT_BUNDLE_IDENTIFIER = "com.derikflanary.soccer-coach";
				PRODUCT_NAME = "$(TARGET_NAME)";
				SWIFT_VERSION = 5.0;
				TARGETED_DEVICE_FAMILY = 2;
			};
			name = Release;
		};
/* End XCBuildConfiguration section */

/* Begin XCConfigurationList section */
		EE27684722B7E708008E4CA1 /* Build configuration list for PBXProject "soccer-coach" */ = {
			isa = XCConfigurationList;
			buildConfigurations = (
				EE27686322B7E70B008E4CA1 /* Debug */,
				EE27686422B7E70B008E4CA1 /* Release */,
			);
			defaultConfigurationIsVisible = 0;
			defaultConfigurationName = Release;
		};
		EE27686522B7E70B008E4CA1 /* Build configuration list for PBXNativeTarget "soccer-coach" */ = {
			isa = XCConfigurationList;
			buildConfigurations = (
				EE27686622B7E70B008E4CA1 /* Debug */,
				EE27686722B7E70B008E4CA1 /* Release */,
			);
			defaultConfigurationIsVisible = 0;
			defaultConfigurationName = Release;
		};
/* End XCConfigurationList section */

/* Begin XCVersionGroup section */
		EE27685A22B7E708008E4CA1 /* soccer_coach.xcdatamodeld */ = {
			isa = XCVersionGroup;
			children = (
				EE27685B22B7E708008E4CA1 /* soccer_coach.xcdatamodel */,
			);
			currentVersion = EE27685B22B7E708008E4CA1 /* soccer_coach.xcdatamodel */;
			path = soccer_coach.xcdatamodeld;
			sourceTree = "<group>";
			versionGroupType = wrapper.xcdatamodel;
		};
/* End XCVersionGroup section */
	};
	rootObject = EE27684422B7E708008E4CA1 /* Project object */;
}
