// !$*UTF8*$!
{
	archiveVersion = 1;
	classes = {
	};
	objectVersion = 50;
	objects = {

/* Begin PBXBuildFile section */
		EE27685022B7E708008E4CA1 /* AppDelegate.swift in Sources */ = {isa = PBXBuildFile; fileRef = EE27684F22B7E708008E4CA1 /* AppDelegate.swift */; };
		EE27685222B7E708008E4CA1 /* SceneDelegate.swift in Sources */ = {isa = PBXBuildFile; fileRef = EE27685122B7E708008E4CA1 /* SceneDelegate.swift */; };
		EE27685422B7E708008E4CA1 /* SoccerTeamCollection.swift in Sources */ = {isa = PBXBuildFile; fileRef = EE27685322B7E708008E4CA1 /* SoccerTeamCollection.swift */; };
		EE27685622B7E708008E4CA1 /* TeamList.swift in Sources */ = {isa = PBXBuildFile; fileRef = EE27685522B7E708008E4CA1 /* TeamList.swift */; };
		EE27685922B7E708008E4CA1 /* Main.storyboard in Resources */ = {isa = PBXBuildFile; fileRef = EE27685722B7E708008E4CA1 /* Main.storyboard */; };
		EE27685C22B7E708008E4CA1 /* soccer_coach.xcdatamodeld in Sources */ = {isa = PBXBuildFile; fileRef = EE27685A22B7E708008E4CA1 /* soccer_coach.xcdatamodeld */; };
		EE27685E22B7E70B008E4CA1 /* Assets.xcassets in Resources */ = {isa = PBXBuildFile; fileRef = EE27685D22B7E70B008E4CA1 /* Assets.xcassets */; };
		EE27686122B7E70B008E4CA1 /* LaunchScreen.storyboard in Resources */ = {isa = PBXBuildFile; fileRef = EE27685F22B7E70B008E4CA1 /* LaunchScreen.storyboard */; };
		EE27686C22B7EE6B008E4CA1 /* SoccerPlayer.swift in Sources */ = {isa = PBXBuildFile; fileRef = EE27686B22B7EE6B008E4CA1 /* SoccerPlayer.swift */; };
		EE27687022B7FC4B008E4CA1 /* TextRecognitionEngine.swift in Sources */ = {isa = PBXBuildFile; fileRef = EE27686F22B7FC4B008E4CA1 /* TextRecognitionEngine.swift */; };
		EE59118822C2CA4C0049B71E /* Match.swift in Sources */ = {isa = PBXBuildFile; fileRef = EE59118722C2CA4C0049B71E /* Match.swift */; };
		EE59118B22C2D46F0049B71E /* Int+Extensions.swift in Sources */ = {isa = PBXBuildFile; fileRef = EE59118A22C2D46F0049B71E /* Int+Extensions.swift */; };
		EEF7609822B82EF6004D92CF /* ActivePlayerCell.swift in Sources */ = {isa = PBXBuildFile; fileRef = EEF7609622B82EF6004D92CF /* ActivePlayerCell.swift */; };
		EEF7609922B82EF6004D92CF /* ActivePlayerCell.xib in Resources */ = {isa = PBXBuildFile; fileRef = EEF7609722B82EF6004D92CF /* ActivePlayerCell.xib */; };
		EEF7609B22B830FE004D92CF /* ReusableView.swift in Sources */ = {isa = PBXBuildFile; fileRef = EEF7609A22B830FE004D92CF /* ReusableView.swift */; };
		EEF7609D22B83126004D92CF /* ListView+Extensions.swift in Sources */ = {isa = PBXBuildFile; fileRef = EEF7609C22B83126004D92CF /* ListView+Extensions.swift */; };
/* End PBXBuildFile section */

/* Begin PBXFileReference section */
		EE27684C22B7E708008E4CA1 /* soccer-coach.app */ = {isa = PBXFileReference; explicitFileType = wrapper.application; includeInIndex = 0; path = "soccer-coach.app"; sourceTree = BUILT_PRODUCTS_DIR; };
		EE27684F22B7E708008E4CA1 /* AppDelegate.swift */ = {isa = PBXFileReference; lastKnownFileType = sourcecode.swift; path = AppDelegate.swift; sourceTree = "<group>"; };
		EE27685122B7E708008E4CA1 /* SceneDelegate.swift */ = {isa = PBXFileReference; lastKnownFileType = sourcecode.swift; path = SceneDelegate.swift; sourceTree = "<group>"; };
		EE27685322B7E708008E4CA1 /* SoccerTeamCollection.swift */ = {isa = PBXFileReference; lastKnownFileType = sourcecode.swift; path = SoccerTeamCollection.swift; sourceTree = "<group>"; };
		EE27685522B7E708008E4CA1 /* TeamList.swift */ = {isa = PBXFileReference; lastKnownFileType = sourcecode.swift; path = TeamList.swift; sourceTree = "<group>"; };
		EE27685822B7E708008E4CA1 /* Base */ = {isa = PBXFileReference; lastKnownFileType = file.storyboard; name = Base; path = Base.lproj/Main.storyboard; sourceTree = "<group>"; };
		EE27685B22B7E708008E4CA1 /* soccer_coach.xcdatamodel */ = {isa = PBXFileReference; lastKnownFileType = wrapper.xcdatamodel; path = soccer_coach.xcdatamodel; sourceTree = "<group>"; };
		EE27685D22B7E70B008E4CA1 /* Assets.xcassets */ = {isa = PBXFileReference; lastKnownFileType = folder.assetcatalog; path = Assets.xcassets; sourceTree = "<group>"; };
		EE27686022B7E70B008E4CA1 /* Base */ = {isa = PBXFileReference; lastKnownFileType = file.storyboard; name = Base; path = Base.lproj/LaunchScreen.storyboard; sourceTree = "<group>"; };
		EE27686222B7E70B008E4CA1 /* Info.plist */ = {isa = PBXFileReference; lastKnownFileType = text.plist.xml; path = Info.plist; sourceTree = "<group>"; };
		EE27686B22B7EE6B008E4CA1 /* SoccerPlayer.swift */ = {isa = PBXFileReference; lastKnownFileType = sourcecode.swift; path = SoccerPlayer.swift; sourceTree = "<group>"; };
		EE27686F22B7FC4B008E4CA1 /* TextRecognitionEngine.swift */ = {isa = PBXFileReference; lastKnownFileType = sourcecode.swift; path = TextRecognitionEngine.swift; sourceTree = "<group>"; };
		EE59118722C2CA4C0049B71E /* Match.swift */ = {isa = PBXFileReference; lastKnownFileType = sourcecode.swift; path = Match.swift; sourceTree = "<group>"; };
		EE59118A22C2D46F0049B71E /* Int+Extensions.swift */ = {isa = PBXFileReference; lastKnownFileType = sourcecode.swift; path = "Int+Extensions.swift"; sourceTree = "<group>"; };
		EEF7609622B82EF6004D92CF /* ActivePlayerCell.swift */ = {isa = PBXFileReference; lastKnownFileType = sourcecode.swift; path = ActivePlayerCell.swift; sourceTree = "<group>"; };
		EEF7609722B82EF6004D92CF /* ActivePlayerCell.xib */ = {isa = PBXFileReference; lastKnownFileType = file.xib; path = ActivePlayerCell.xib; sourceTree = "<group>"; };
		EEF7609A22B830FE004D92CF /* ReusableView.swift */ = {isa = PBXFileReference; lastKnownFileType = sourcecode.swift; path = ReusableView.swift; sourceTree = "<group>"; };
		EEF7609C22B83126004D92CF /* ListView+Extensions.swift */ = {isa = PBXFileReference; lastKnownFileType = sourcecode.swift; path = "ListView+Extensions.swift"; sourceTree = "<group>"; };
/* End PBXFileReference section */

/* Begin PBXFrameworksBuildPhase section */
		EE27684922B7E708008E4CA1 /* Frameworks */ = {
			isa = PBXFrameworksBuildPhase;
			buildActionMask = 2147483647;
			files = (
			);
			runOnlyForDeploymentPostprocessing = 0;
		};
/* End PBXFrameworksBuildPhase section */

/* Begin PBXGroup section */
		EE27684322B7E708008E4CA1 = {
			isa = PBXGroup;
			children = (
				EE27684E22B7E708008E4CA1 /* soccer-coach */,
				EE27684D22B7E708008E4CA1 /* Products */,
			);
			sourceTree = "<group>";
		};
		EE27684D22B7E708008E4CA1 /* Products */ = {
			isa = PBXGroup;
			children = (
				EE27684C22B7E708008E4CA1 /* soccer-coach.app */,
			);
			name = Products;
			sourceTree = "<group>";
		};
		EE27684E22B7E708008E4CA1 /* soccer-coach */ = {
			isa = PBXGroup;
			children = (
				EE27684F22B7E708008E4CA1 /* AppDelegate.swift */,
				EE27685122B7E708008E4CA1 /* SceneDelegate.swift */,
				EE27686222B7E70B008E4CA1 /* Info.plist */,
				EE27686822B7EE1E008E4CA1 /* UI */,
				EE27686D22B7EE70008E4CA1 /* Data */,
				EE27686922B7EE33008E4CA1 /* Resources */,
			);
			path = "soccer-coach";
			sourceTree = "<group>";
		};
		EE27686822B7EE1E008E4CA1 /* UI */ = {
			isa = PBXGroup;
			children = (
				EE27685722B7E708008E4CA1 /* Main.storyboard */,
				EE27685322B7E708008E4CA1 /* SoccerTeamCollection.swift */,
				EEF7609622B82EF6004D92CF /* ActivePlayerCell.swift */,
				EEF7609722B82EF6004D92CF /* ActivePlayerCell.xib */,
				EE27685522B7E708008E4CA1 /* TeamList.swift */,
			);
			path = UI;
			sourceTree = "<group>";
		};
		EE27686922B7EE33008E4CA1 /* Resources */ = {
			isa = PBXGroup;
			children = (
				EE27685D22B7E70B008E4CA1 /* Assets.xcassets */,
				EE27685F22B7E70B008E4CA1 /* LaunchScreen.storyboard */,
				EE27686A22B7EE3C008E4CA1 /* CoreData */,
				EEF7609A22B830FE004D92CF /* ReusableView.swift */,
				EEF7609C22B83126004D92CF /* ListView+Extensions.swift */,
				EE59118A22C2D46F0049B71E /* Int+Extensions.swift */,
			);
			path = Resources;
			sourceTree = "<group>";
		};
		EE27686A22B7EE3C008E4CA1 /* CoreData */ = {
			isa = PBXGroup;
			children = (
				EE27685A22B7E708008E4CA1 /* soccer_coach.xcdatamodeld */,
			);
			path = CoreData;
			sourceTree = "<group>";
		};
		EE27686D22B7EE70008E4CA1 /* Data */ = {
			isa = PBXGroup;
			children = (
				EE27686B22B7EE6B008E4CA1 /* SoccerPlayer.swift */,
				EE59118722C2CA4C0049B71E /* Match.swift */,
				EE27686F22B7FC4B008E4CA1 /* TextRecognitionEngine.swift */,
			);
			path = Data;
			sourceTree = "<group>";
		};
/* End PBXGroup section */

/* Begin PBXNativeTarget section */
		EE27684B22B7E708008E4CA1 /* soccer-coach */ = {
			isa = PBXNativeTarget;
			buildConfigurationList = EE27686522B7E70B008E4CA1 /* Build configuration list for PBXNativeTarget "soccer-coach" */;
			buildPhases = (
				EE27684822B7E708008E4CA1 /* Sources */,
				EE27684922B7E708008E4CA1 /* Frameworks */,
				EE27684A22B7E708008E4CA1 /* Resources */,
			);
			buildRules = (
			);
			dependencies = (
			);
			name = "soccer-coach";
			productName = "soccer-coach";
			productReference = EE27684C22B7E708008E4CA1 /* soccer-coach.app */;
			productType = "com.apple.product-type.application";
		};
/* End PBXNativeTarget section */

/* Begin PBXProject section */
		EE27684422B7E708008E4CA1 /* Project object */ = {
			isa = PBXProject;
			attributes = {
				LastSwiftUpdateCheck = 1100;
				LastUpgradeCheck = 1100;
				ORGANIZATIONNAME = "Derik Flanary";
				TargetAttributes = {
					EE27684B22B7E708008E4CA1 = {
						CreatedOnToolsVersion = 11.0;
					};
				};
			};
			buildConfigurationList = EE27684722B7E708008E4CA1 /* Build configuration list for PBXProject "soccer-coach" */;
			compatibilityVersion = "Xcode 9.3";
			developmentRegion = en;
			hasScannedForEncodings = 0;
			knownRegions = (
				en,
				Base,
			);
			mainGroup = EE27684322B7E708008E4CA1;
			productRefGroup = EE27684D22B7E708008E4CA1 /* Products */;
			projectDirPath = "";
			projectRoot = "";
			targets = (
				EE27684B22B7E708008E4CA1 /* soccer-coach */,
			);
		};
/* End PBXProject section */

/* Begin PBXResourcesBuildPhase section */
		EE27684A22B7E708008E4CA1 /* Resources */ = {
			isa = PBXResourcesBuildPhase;
			buildActionMask = 2147483647;
			files = (
				EE27686122B7E70B008E4CA1 /* LaunchScreen.storyboard in Resources */,
				EE27685E22B7E70B008E4CA1 /* Assets.xcassets in Resources */,
				EEF7609922B82EF6004D92CF /* ActivePlayerCell.xib in Resources */,
				EE27685922B7E708008E4CA1 /* Main.storyboard in Resources */,
			);
			runOnlyForDeploymentPostprocessing = 0;
		};
/* End PBXResourcesBuildPhase section */

/* Begin PBXSourcesBuildPhase section */
		EE27684822B7E708008E4CA1 /* Sources */ = {
			isa = PBXSourcesBuildPhase;
			buildActionMask = 2147483647;
			files = (
				EEF7609D22B83126004D92CF /* ListView+Extensions.swift in Sources */,
				EEF7609B22B830FE004D92CF /* ReusableView.swift in Sources */,
				EE27685622B7E708008E4CA1 /* TeamList.swift in Sources */,
				EE27685C22B7E708008E4CA1 /* soccer_coach.xcdatamodeld in Sources */,
				EEF7609822B82EF6004D92CF /* ActivePlayerCell.swift in Sources */,
				EE27685422B7E708008E4CA1 /* SoccerTeamCollection.swift in Sources */,
				EE27685022B7E708008E4CA1 /* AppDelegate.swift in Sources */,
				EE59118B22C2D46F0049B71E /* Int+Extensions.swift in Sources */,
				EE27687022B7FC4B008E4CA1 /* TextRecognitionEngine.swift in Sources */,
				EE59118822C2CA4C0049B71E /* Match.swift in Sources */,
				EE27686C22B7EE6B008E4CA1 /* SoccerPlayer.swift in Sources */,
				EE27685222B7E708008E4CA1 /* SceneDelegate.swift in Sources */,
			);
			runOnlyForDeploymentPostprocessing = 0;
		};
/* End PBXSourcesBuildPhase section */

/* Begin PBXVariantGroup section */
		EE27685722B7E708008E4CA1 /* Main.storyboard */ = {
			isa = PBXVariantGroup;
			children = (
				EE27685822B7E708008E4CA1 /* Base */,
			);
			name = Main.storyboard;
			sourceTree = "<group>";
		};
		EE27685F22B7E70B008E4CA1 /* LaunchScreen.storyboard */ = {
			isa = PBXVariantGroup;
			children = (
				EE27686022B7E70B008E4CA1 /* Base */,
			);
			name = LaunchScreen.storyboard;
			sourceTree = "<group>";
		};
/* End PBXVariantGroup section */

/* Begin XCBuildConfiguration section */
		EE27686322B7E70B008E4CA1 /* Debug */ = {
			isa = XCBuildConfiguration;
			buildSettings = {
				ALWAYS_SEARCH_USER_PATHS = NO;
				CLANG_ANALYZER_NONNULL = YES;
				CLANG_ANALYZER_NUMBER_OBJECT_CONVERSION = YES_AGGRESSIVE;
				CLANG_CXX_LANGUAGE_STANDARD = "gnu++14";
				CLANG_CXX_LIBRARY = "libc++";
				CLANG_ENABLE_MODULES = YES;
				CLANG_ENABLE_OBJC_ARC = YES;
				CLANG_ENABLE_OBJC_WEAK = YES;
				CLANG_WARN_BLOCK_CAPTURE_AUTORELEASING = YES;
				CLANG_WARN_BOOL_CONVERSION = YES;
				CLANG_WARN_COMMA = YES;
				CLANG_WARN_CONSTANT_CONVERSION = YES;
				CLANG_WARN_DEPRECATED_OBJC_IMPLEMENTATIONS = YES;
				CLANG_WARN_DIRECT_OBJC_ISA_USAGE = YES_ERROR;
				CLANG_WARN_DOCUMENTATION_COMMENTS = YES;
				CLANG_WARN_EMPTY_BODY = YES;
				CLANG_WARN_ENUM_CONVERSION = YES;
				CLANG_WARN_INFINITE_RECURSION = YES;
				CLANG_WARN_INT_CONVERSION = YES;
				CLANG_WARN_NON_LITERAL_NULL_CONVERSION = YES;
				CLANG_WARN_OBJC_IMPLICIT_RETAIN_SELF = YES;
				CLANG_WARN_OBJC_LITERAL_CONVERSION = YES;
				CLANG_WARN_OBJC_ROOT_CLASS = YES_ERROR;
				CLANG_WARN_RANGE_LOOP_ANALYSIS = YES;
				CLANG_WARN_STRICT_PROTOTYPES = YES;
				CLANG_WARN_SUSPICIOUS_MOVE = YES;
				CLANG_WARN_UNGUARDED_AVAILABILITY = YES_AGGRESSIVE;
				CLANG_WARN_UNREACHABLE_CODE = YES;
				CLANG_WARN__DUPLICATE_METHOD_MATCH = YES;
				COPY_PHASE_STRIP = NO;
				DEBUG_INFORMATION_FORMAT = dwarf;
				ENABLE_STRICT_OBJC_MSGSEND = YES;
				ENABLE_TESTABILITY = YES;
				GCC_C_LANGUAGE_STANDARD = gnu11;
				GCC_DYNAMIC_NO_PIC = NO;
				GCC_NO_COMMON_BLOCKS = YES;
				GCC_OPTIMIZATION_LEVEL = 0;
				GCC_PREPROCESSOR_DEFINITIONS = (
					"DEBUG=1",
					"$(inherited)",
				);
				GCC_WARN_64_TO_32_BIT_CONVERSION = YES;
				GCC_WARN_ABOUT_RETURN_TYPE = YES_ERROR;
				GCC_WARN_UNDECLARED_SELECTOR = YES;
				GCC_WARN_UNINITIALIZED_AUTOS = YES_AGGRESSIVE;
				GCC_WARN_UNUSED_FUNCTION = YES;
				GCC_WARN_UNUSED_VARIABLE = YES;
				IPHONEOS_DEPLOYMENT_TARGET = 13.0;
				MTL_ENABLE_DEBUG_INFO = INCLUDE_SOURCE;
				MTL_FAST_MATH = YES;
				ONLY_ACTIVE_ARCH = YES;
				SDKROOT = iphoneos;
				SWIFT_ACTIVE_COMPILATION_CONDITIONS = DEBUG;
				SWIFT_OPTIMIZATION_LEVEL = "-Onone";
			};
			name = Debug;
		};
		EE27686422B7E70B008E4CA1 /* Release */ = {
			isa = XCBuildConfiguration;
			buildSettings = {
				ALWAYS_SEARCH_USER_PATHS = NO;
				CLANG_ANALYZER_NONNULL = YES;
				CLANG_ANALYZER_NUMBER_OBJECT_CONVERSION = YES_AGGRESSIVE;
				CLANG_CXX_LANGUAGE_STANDARD = "gnu++14";
				CLANG_CXX_LIBRARY = "libc++";
				CLANG_ENABLE_MODULES = YES;
				CLANG_ENABLE_OBJC_ARC = YES;
				CLANG_ENABLE_OBJC_WEAK = YES;
				CLANG_WARN_BLOCK_CAPTURE_AUTORELEASING = YES;
				CLANG_WARN_BOOL_CONVERSION = YES;
				CLANG_WARN_COMMA = YES;
				CLANG_WARN_CONSTANT_CONVERSION = YES;
				CLANG_WARN_DEPRECATED_OBJC_IMPLEMENTATIONS = YES;
				CLANG_WARN_DIRECT_OBJC_ISA_USAGE = YES_ERROR;
				CLANG_WARN_DOCUMENTATION_COMMENTS = YES;
				CLANG_WARN_EMPTY_BODY = YES;
				CLANG_WARN_ENUM_CONVERSION = YES;
				CLANG_WARN_INFINITE_RECURSION = YES;
				CLANG_WARN_INT_CONVERSION = YES;
				CLANG_WARN_NON_LITERAL_NULL_CONVERSION = YES;
				CLANG_WARN_OBJC_IMPLICIT_RETAIN_SELF = YES;
				CLANG_WARN_OBJC_LITERAL_CONVERSION = YES;
				CLANG_WARN_OBJC_ROOT_CLASS = YES_ERROR;
				CLANG_WARN_RANGE_LOOP_ANALYSIS = YES;
				CLANG_WARN_STRICT_PROTOTYPES = YES;
				CLANG_WARN_SUSPICIOUS_MOVE = YES;
				CLANG_WARN_UNGUARDED_AVAILABILITY = YES_AGGRESSIVE;
				CLANG_WARN_UNREACHABLE_CODE = YES;
				CLANG_WARN__DUPLICATE_METHOD_MATCH = YES;
				COPY_PHASE_STRIP = NO;
				DEBUG_INFORMATION_FORMAT = "dwarf-with-dsym";
				ENABLE_NS_ASSERTIONS = NO;
				ENABLE_STRICT_OBJC_MSGSEND = YES;
				GCC_C_LANGUAGE_STANDARD = gnu11;
				GCC_NO_COMMON_BLOCKS = YES;
				GCC_WARN_64_TO_32_BIT_CONVERSION = YES;
				GCC_WARN_ABOUT_RETURN_TYPE = YES_ERROR;
				GCC_WARN_UNDECLARED_SELECTOR = YES;
				GCC_WARN_UNINITIALIZED_AUTOS = YES_AGGRESSIVE;
				GCC_WARN_UNUSED_FUNCTION = YES;
				GCC_WARN_UNUSED_VARIABLE = YES;
				IPHONEOS_DEPLOYMENT_TARGET = 13.0;
				MTL_ENABLE_DEBUG_INFO = NO;
				MTL_FAST_MATH = YES;
				SDKROOT = iphoneos;
				SWIFT_COMPILATION_MODE = wholemodule;
				SWIFT_OPTIMIZATION_LEVEL = "-O";
				VALIDATE_PRODUCT = YES;
			};
			name = Release;
		};
		EE27686622B7E70B008E4CA1 /* Debug */ = {
			isa = XCBuildConfiguration;
			buildSettings = {
				ASSETCATALOG_COMPILER_APPICON_NAME = AppIcon;
				CODE_SIGN_STYLE = Automatic;
				DEVELOPMENT_TEAM = 92H4P6C5WB;
				INFOPLIST_FILE = "soccer-coach/Info.plist";
				LD_RUNPATH_SEARCH_PATHS = (
					"$(inherited)",
					"@executable_path/Frameworks",
				);
				PRODUCT_BUNDLE_IDENTIFIER = "com.derikflanary.soccer-coach";
				PRODUCT_NAME = "$(TARGET_NAME)";
				SWIFT_VERSION = 5.0;
				TARGETED_DEVICE_FAMILY = 2;
			};
			name = Debug;
		};
		EE27686722B7E70B008E4CA1 /* Release */ = {
			isa = XCBuildConfiguration;
			buildSettings = {
				ASSETCATALOG_COMPILER_APPICON_NAME = AppIcon;
				CODE_SIGN_STYLE = Automatic;
				DEVELOPMENT_TEAM = 92H4P6C5WB;
				INFOPLIST_FILE = "soccer-coach/Info.plist";
				LD_RUNPATH_SEARCH_PATHS = (
					"$(inherited)",
					"@executable_path/Frameworks",
				);
				PRODUCT_BUNDLE_IDENTIFIER = "com.derikflanary.soccer-coach";
				PRODUCT_NAME = "$(TARGET_NAME)";
				SWIFT_VERSION = 5.0;
				TARGETED_DEVICE_FAMILY = 2;
			};
			name = Release;
		};
/* End XCBuildConfiguration section */

/* Begin XCConfigurationList section */
		EE27684722B7E708008E4CA1 /* Build configuration list for PBXProject "soccer-coach" */ = {
			isa = XCConfigurationList;
			buildConfigurations = (
				EE27686322B7E70B008E4CA1 /* Debug */,
				EE27686422B7E70B008E4CA1 /* Release */,
			);
			defaultConfigurationIsVisible = 0;
			defaultConfigurationName = Release;
		};
		EE27686522B7E70B008E4CA1 /* Build configuration list for PBXNativeTarget "soccer-coach" */ = {
			isa = XCConfigurationList;
			buildConfigurations = (
				EE27686622B7E70B008E4CA1 /* Debug */,
				EE27686722B7E70B008E4CA1 /* Release */,
			);
			defaultConfigurationIsVisible = 0;
			defaultConfigurationName = Release;
		};
/* End XCConfigurationList section */

/* Begin XCVersionGroup section */
		EE27685A22B7E708008E4CA1 /* soccer_coach.xcdatamodeld */ = {
			isa = XCVersionGroup;
			children = (
				EE27685B22B7E708008E4CA1 /* soccer_coach.xcdatamodel */,
			);
			currentVersion = EE27685B22B7E708008E4CA1 /* soccer_coach.xcdatamodel */;
			path = soccer_coach.xcdatamodeld;
			sourceTree = "<group>";
			versionGroupType = wrapper.xcdatamodel;
		};
/* End XCVersionGroup section */
	};
	rootObject = EE27684422B7E708008E4CA1 /* Project object */;
}
